
Microsoft Visual Studio Solution File, Format Version 12.00
# Visual Studio Version 17
VisualStudioVersion = 17.6.33829.357
MinimumVisualStudioVersion = 10.0.40219.1
Project("{9A19103F-16F7-4668-BE54-9A1E7A4F7556}") = "AUCA", "AUCA\AUCA.csproj", "{CAE3F5CA-9FEB-4801-97BC-13D63FEE17CF}"
EndProject
Project("{9A19103F-16F7-4668-BE54-9A1E7A4F7556}") = "AUCA.Domain", "AUCA.Domain\AUCA.Domain.csproj", "{80A603DC-E636-48D3-9885-76DD70281465}"
EndProject
Project("{9A19103F-16F7-4668-BE54-9A1E7A4F7556}") = "AUCA.DAL", "AUCA.DAL\AUCA.DAL.csproj", "{6550B127-432A-48FA-8CAB-8610F3FEC89A}"
EndProject
Project("{9A19103F-16F7-4668-BE54-9A1E7A4F7556}") = "AUCA.Repository", "AUCA.Repository\AUCA.Repository.csproj", "{48D0164D-9DDC-4DF1-8C57-522C2816711B}"
EndProject
Project("{9A19103F-16F7-4668-BE54-9A1E7A4F7556}") = "AUCA.Interface", "AUCA.Interface\AUCA.Interface.csproj", "{73E884C8-E6C8-4A6A-AA9E-33F284AA48BA}"
EndProject
Project("{E53339B2-1760-4266-BCC7-CA923CBCF16C}") = "docker-compose", "docker-compose.dcproj", "{EAD53B36-BC6D-48ED-AFB3-6DE97654851E}"
EndProject
Global
	GlobalSection(SolutionConfigurationPlatforms) = preSolution
		Debug|Any CPU = Debug|Any CPU
		Release|Any CPU = Release|Any CPU
	EndGlobalSection
	GlobalSection(ProjectConfigurationPlatforms) = postSolution
		{CAE3F5CA-9FEB-4801-97BC-13D63FEE17CF}.Debug|Any CPU.ActiveCfg = Debug|Any CPU
		{CAE3F5CA-9FEB-4801-97BC-13D63FEE17CF}.Debug|Any CPU.Build.0 = Debug|Any CPU
		{CAE3F5CA-9FEB-4801-97BC-13D63FEE17CF}.Release|Any CPU.ActiveCfg = Release|Any CPU
		{CAE3F5CA-9FEB-4801-97BC-13D63FEE17CF}.Release|Any CPU.Build.0 = Release|Any CPU
		{80A603DC-E636-48D3-9885-76DD70281465}.Debug|Any CPU.ActiveCfg = Debug|Any CPU
		{80A603DC-E636-48D3-9885-76DD70281465}.Debug|Any CPU.Build.0 = Debug|Any CPU
		{80A603DC-E636-48D3-9885-76DD70281465}.Release|Any CPU.ActiveCfg = Release|Any CPU
		{80A603DC-E636-48D3-9885-76DD70281465}.Release|Any CPU.Build.0 = Release|Any CPU
		{6550B127-432A-48FA-8CAB-8610F3FEC89A}.Debug|Any CPU.ActiveCfg = Debug|Any CPU
		{6550B127-432A-48FA-8CAB-8610F3FEC89A}.Debug|Any CPU.Build.0 = Debug|Any CPU
		{6550B127-432A-48FA-8CAB-8610F3FEC89A}.Release|Any CPU.ActiveCfg = Release|Any CPU
		{6550B127-432A-48FA-8CAB-8610F3FEC89A}.Release|Any CPU.Build.0 = Release|Any CPU
		{48D0164D-9DDC-4DF1-8C57-522C2816711B}.Debug|Any CPU.ActiveCfg = Debug|Any CPU
		{48D0164D-9DDC-4DF1-8C57-522C2816711B}.Debug|Any CPU.Build.0 = Debug|Any CPU
		{48D0164D-9DDC-4DF1-8C57-522C2816711B}.Release|Any CPU.ActiveCfg = Release|Any CPU
		{48D0164D-9DDC-4DF1-8C57-522C2816711B}.Release|Any CPU.Build.0 = Release|Any CPU
		{73E884C8-E6C8-4A6A-AA9E-33F284AA48BA}.Debug|Any CPU.ActiveCfg = Debug|Any CPU
		{73E884C8-E6C8-4A6A-AA9E-33F284AA48BA}.Debug|Any CPU.Build.0 = Debug|Any CPU
		{73E884C8-E6C8-4A6A-AA9E-33F284AA48BA}.Release|Any CPU.ActiveCfg = Release|Any CPU
		{73E884C8-E6C8-4A6A-AA9E-33F284AA48BA}.Release|Any CPU.Build.0 = Release|Any CPU
		{EAD53B36-BC6D-48ED-AFB3-6DE97654851E}.Debug|Any CPU.ActiveCfg = Debug|Any CPU
		{EAD53B36-BC6D-48ED-AFB3-6DE97654851E}.Debug|Any CPU.Build.0 = Debug|Any CPU
		{EAD53B36-BC6D-48ED-AFB3-6DE97654851E}.Release|Any CPU.ActiveCfg = Release|Any CPU
		{EAD53B36-BC6D-48ED-AFB3-6DE97654851E}.Release|Any CPU.Build.0 = Release|Any CPU
	EndGlobalSection
	GlobalSection(SolutionProperties) = preSolution
		HideSolutionNode = FALSE
	EndGlobalSection
	GlobalSection(ExtensibilityGlobals) = postSolution
		SolutionGuid = {3F2CDDCE-316A-4183-BC72-D01ECF24D758}
	EndGlobalSection
EndGlobal
